lockfileVersion: '9.0'

settings:
  autoInstallPeers: true
  excludeLinksFromLockfile: false

importers:

  .:
    dependencies:
      embedded-postgres:
        specifier: 18.4.0-beta.17
        version: 18.4.0-beta.17
      pdf-lib:
        specifier: ^1.17.1
        version: 1.17.1
      pg:
        specifier: ^8.22.0
        version: 8.22.0
      xlsx:
        specifier: ^0.18.5
        version: 0.18.5

packages:

  '@embedded-postgres/darwin-arm64@18.4.0-beta.17':
    resolution: {integrity: sha512-Kg1ZMNFzkVIJs3g4V2UYEc5X005km9rGinxFBH8R1sOU2Rblvz4pt2Uf93Pu8Rk273Ue9HIdrbMPpgUqwjUi0Q==}
    engines: {node: '>=16'}
    cpu: [arm64]
    os: [darwin]

  '@embedded-postgres/darwin-x64@18.4.0-beta.17':
    resolution: {integrity: sha512-4tShSYWMxUQTSWoQAdLnHISvRj6L9gTch9/31ASJPg6wgyN64LDRwMcOINEWybM7N0ropJ3nTYhFT3UX1bKY5Q==}
    engines: {node: '>=16'}
    cpu: [x64]
    os: [darwin]

  '@embedded-postgres/linux-arm64@18.4.0-beta.17':
    resolution: {integrity: sha512-TIzjtGnDGSD/LbdW0OWCEcbI+YVT0WKSfSr20TCkkP4UR8zeKe+QCZbO0/CM4hS9EWyZ4cDebjRvpRc3iMi6wg==}
    engines: {node: '>=16'}
    cpu: [arm64]
    os: [linux]

  '@embedded-postgres/linux-arm@18.4.0-beta.17':
    resolution: {integrity: sha512-VuD1nFasN7yG57zpJcp6MBXM0nXqGfb8GBQV+f1FGJ17+VMNYLIFLhFp99UlY4xnWG74FQC4NPYw8eCwSTJ6qg==}
    engines: {node: '>=16'}
    cpu: [arm]
    os: [linux]

  '@embedded-postgres/linux-ia32@18.4.0-beta.17':
    resolution: {integrity: sha512-aSRe4kknqRHuedtpo/rDIaqa8r9VrKIgW9p5FkJyIFqUUkIkxRqND1dg8xrDRREcSUXRJKS0x+j/AuxflgYIfg==}
    engines: {node: '>=16'}
    cpu: [ia32]
    os: [linux]

  '@embedded-postgres/linux-ppc64@18.4.0-beta.17':
    resolution: {integrity: sha512-zO2RRUFdKRPplrdhmglG39VXJZzDXu3P3ONAG1sFPhGh89vbk24Btd5P7uOmQLIpWehzL0s+UqUWoeE/ZUKvgw==}
    engines: {node: '>=16'}
    cpu: [ppc64]
    os: [linux]

  '@embedded-postgres/linux-x64@18.4.0-beta.17':
    resolution: {integrity: sha512-jVw/MdDtIX/vICH/DKIe6/mHpiCggdx6QVyza4vt/NbcZFsL0KhwglF6F1Koqx3gRBZ9XtN+vi63EsqSyqOSxA==}
    engines: {node: '>=16'}
    cpu: [x64]
    os: [linux]

  '@embedded-postgres/windows-x64@18.4.0-beta.17':
    resolution: {integrity: sha512-AwRerliA4IGWyW5jWBvHt5vidVUSB0QQW9Tt2y7ScnmifnCb/awfxZr4BkBSTv+gNt8Djcddqs+xSF5Z6/CkTg==}
    engines: {node: '>=16'}
    cpu: [x64]
    os: [win32]

  '@pdf-lib/standard-fonts@1.0.0':
    resolution: {integrity: sha512-hU30BK9IUN/su0Mn9VdlVKsWBS6GyhVfqjwl1FjZN4TxP6cCw0jP2w7V3Hf5uX7M0AZJ16vey9yE0ny7Sa59ZA==}

  '@pdf-lib/upng@1.0.1':
    resolution: {integrity: sha512-dQK2FUMQtowVP00mtIksrlZhdFXQZPC+taih1q4CvPZ5vqdxR/LKBaFg0oAfzd1GlHZXXSPdQfzQnt+ViGvEIQ==}

  adler-32@1.3.1:
    resolution: {integrity: sha512-ynZ4w/nUUv5rrsR8UUGoe1VC9hZj6V5hU9Qw1HlMDJGEJw5S7TfTErWTjMys6M7vr0YWcPqs3qAr4ss0nDfP+A==}
    engines: {node: '>=0.8'}

  async-exit-hook@2.0.1:
    resolution: {integrity: sha512-NW2cX8m1Q7KPA7a5M2ULQeZ2wR5qI5PAbw5L0UOMxdioVk9PMZ0h1TmyZEkPYrCvYjDlFICusOu1dlEKAAeXBw==}
    engines: {node: '>=0.12.0'}

  cfb@1.2.2:
    resolution: {integrity: sha512-KfdUZsSOw19/ObEWasvBP/Ac4reZvAGauZhs6S/gqNhXhI7cKwvlH7ulj+dOEYnca4bm4SGo8C1bTAQvnTjgQA==}
    engines: {node: '>=0.8'}

  codepage@1.15.0:
    resolution: {integrity: sha512-3g6NUTPd/YtuuGrhMnOMRjFc+LJw/bnMp3+0r/Wcz3IXUuCosKRJvMphm5+Q+bvTVGcJJuRvVLuYba+WojaFaA==}
    engines: {node: '>=0.8'}

  crc-32@1.2.2:
    resolution: {integrity: sha512-ROmzCKrTnOwybPcJApAA6WBWij23HVfGVNKqqrZpuyZOHqK2CwHSvpGuyt/UNNvaIjEd8X5IFGp4Mh+Ie1IHJQ==}
    engines: {node: '>=0.8'}
    hasBin: true

  embedded-postgres@18.4.0-beta.17:
    resolution: {integrity: sha512-ORT/A1YiO6ecpRHpyIIBgyCR/8ASqqYZuFw11aX9PkqTX3FUM5+9sNOXY1mGIixxsm2TWSIA5WghJEk7A5ZxVw==}
    engines: {node: '>=16'}

  frac@1.1.2:
    resolution: {integrity: sha512-w/XBfkibaTl3YDqASwfDUqkna4Z2p9cFSr1aHDt0WoMTECnRfBOv2WArlZILlqgWlmdIlALXGpM2AOhEk5W3IA==}
    engines: {node: '>=0.8'}

  pako@1.0.11:
    resolution: {integrity: sha512-4hLB8Py4zZce5s4yd9XzopqwVv/yGNhV1Bl8NTmCq1763HeK2+EwVTv+leGeL13Dnh2wfbqowVPXCIO0z4taYw==}

  pdf-lib@1.17.1:
    resolution: {integrity: sha512-V/mpyJAoTsN4cnP31vc0wfNA1+p20evqqnap0KLoRUN0Yk/p3wN52DOEsL4oBFcLdb76hlpKPtzJIgo67j/XLw==}

  pg-cloudflare@1.4.0:
    resolution: {integrity: sha512-Vo7z/6rrQYxpNRylp4Tlob2elzbh+N/MOQbxFVWCxS7oEx6jF53GTJFxK2WWpKuBRkmiin4Mt+xofFDjx09R0A==}

  pg-connection-string@2.14.0:
    resolution: {integrity: sha512-XwWDGcLRGCXAR8F/AM5bG7Q+A3Wm2s6QeEjlOKZLlH3UYcguiqCWKyWXVag5TLTIjR7oOJUY8kcADaZgWPyLeg==}

  pg-int8@1.0.1:
    resolution: {integrity: sha512-WCtabS6t3c8SkpDBUlb1kjOs7l66xsGdKpIPZsg4wR+B3+u9UAum2odSsF9tnvxg80h4ZxLWMy4pRjOsFIqQpw==}
    engines: {node: '>=4.0.0'}

  pg-pool@3.14.0:
    resolution: {integrity: sha512-gKtPkFdQPU3DksooVLi9LsjZxrsBUZIpa+7aVx+LV5pNh0KzP4Zleud2po+ConrxbuXGBJ6Hfer6hdgpIBpBaw==}
    peerDependencies:
      pg: '>=8.0'

  pg-protocol@1.15.0:
    resolution: {integrity: sha512-cq9sECI5s0+uPUXjbz8ioyPJni6RzsRib0US67i5IoTZKw8fNeYlVE7u8F4dG7vEJJtc5wdD1K189lCCUwqWTQ==}

  pg-types@2.2.0:
    resolution: {integrity: sha512-qTAAlrEsl8s4OiEQY69wDvcMIdQN6wdz5ojQiOy6YRMuynxenON0O5oCpJI6lshc6scgAY8qvJ2On/p+CXY0GA==}
    engines: {node: '>=4'}

  pg@8.22.0:
    resolution: {integrity: sha512-8wih1vVIBMxoUM2oB4soJsD9tDnDpLv4OXBJ+EJzFsvycD+lfyIreC2gGHq78f8jbLLt+bvlPTFdFZfJkOuzAA==}
    engines: {node: '>= 16.0.0'}
    peerDependencies:
      pg-native: '>=3.0.1'
    peerDependenciesMeta:
      pg-native:
        optional: true

  pgpass@1.0.5:
    resolution: {integrity: sha512-FdW9r/jQZhSeohs1Z3sI1yxFQNFvMcnmfuj4WBMUTxOrAyLMaTcE1aAMBiTlbMNaXvBCQuVi0R7hd8udDSP7ug==}

  postgres-array@2.0.0:
    resolution: {integrity: sha512-VpZrUqU5A69eQyW2c5CA1jtLecCsN2U/bD6VilrFDWq5+5UIEVO7nazS3TEcHf1zuPYO/sqGvUvW62g86RXZuA==}
    engines: {node: '>=4'}

  postgres-bytea@1.0.1:
    resolution: {integrity: sha512-5+5HqXnsZPE65IJZSMkZtURARZelel2oXUEO8rH83VS/hxH5vv1uHquPg5wZs8yMAfdv971IU+kcPUczi7NVBQ==}
    engines: {node: '>=0.10.0'}

  postgres-date@1.0.7:
    resolution: {integrity: sha512-suDmjLVQg78nMK2UZ454hAG+OAW+HQPZ6n++TNDUX+L0+uUlLywnoxJKDou51Zm+zTCjrCl0Nq6J9C5hP9vK/Q==}
    engines: {node: '>=0.10.0'}

  postgres-interval@1.2.0:
    resolution: {integrity: sha512-9ZhXKM/rw350N1ovuWHbGxnGh/SNJ4cnxHiM0rxE4VN41wsg8P8zWn9hv/buK00RP4WvlOyr/RBDiptyxVbkZQ==}
    engines: {node: '>=0.10.0'}

  split2@4.2.0:
    resolution: {integrity: sha512-UcjcJOWknrNkF6PLX83qcHM6KHgVKNkV62Y8a5uYDVv9ydGQVwAHMKqHdJje1VTWpljG0WYpCDhrCdAOYH4TWg==}
    engines: {node: '>= 10.x'}

  ssf@0.11.2:
    resolution: {integrity: sha512-+idbmIXoYET47hH+d7dfm2epdOMUDjqcB4648sTZ+t2JwoyBFL/insLfB/racrDmsKB3diwsDA696pZMieAC5g==}
    engines: {node: '>=0.8'}

  tslib@1.14.1:
    resolution: {integrity: sha512-Xni35NKzjgMrwevysHTCArtLDpPvye8zV/0E4EyYn43P7/7qvQwPh9BGkHewbMulVntbigmcT7rdX3BNo9wRJg==}

  wmf@1.0.2:
    resolution: {integrity: sha512-/p9K7bEh0Dj6WbXg4JG0xvLQmIadrner1bi45VMJTfnbVHsc7yIajZyoSoK60/dtVBs12Fm6WkUI5/3WAVsNMw==}
    engines: {node: '>=0.8'}

  word@0.3.0:
    resolution: {integrity: sha512-OELeY0Q61OXpdUfTp+oweA/vtLVg5VDOXh+3he3PNzLGG/y0oylSOC1xRVj0+l4vQ3tj/bB1HVHv1ocXkQceFA==}
    engines: {node: '>=0.8'}

  xlsx@0.18.5:
    resolution: {integrity: sha512-dmg3LCjBPHZnQp5/F/+nnTa+miPJxUXB6vtk42YjBBKayDNagxGEeIdWApkYPOf3Z3pm3k62Knjzp7lMeTEtFQ==}
    engines: {node: '>=0.8'}
    hasBin: true

  xtend@4.0.2:
    resolution: {integrity: sha512-LKYU1iAXJXUgAXn9URjiu+MWhyUXHsvfp7mcuYm9dSUKK0/CjtrUwFAxD82/mCWbtLsGjFIad0wIsod4zrTAEQ==}
    engines: {node: '>=0.4'}

snapshots:

  '@embedded-postgres/darwin-arm64@18.4.0-beta.17':
    optional: true

  '@embedded-postgres/darwin-x64@18.4.0-beta.17':
    optional: true

  '@embedded-postgres/linux-arm64@18.4.0-beta.17':
    optional: true

  '@embedded-postgres/linux-arm@18.4.0-beta.17':
    optional: true

  '@embedded-postgres/linux-ia32@18.4.0-beta.17':
    optional: true

  '@embedded-postgres/linux-ppc64@18.4.0-beta.17':
    optional: true

  '@embedded-postgres/linux-x64@18.4.0-beta.17':
    optional: true

  '@embedded-postgres/windows-x64@18.4.0-beta.17':
    optional: true

  '@pdf-lib/standard-fonts@1.0.0':
    dependencies:
      pako: 1.0.11

  '@pdf-lib/upng@1.0.1':
    dependencies:
      pako: 1.0.11

  adler-32@1.3.1: {}

  async-exit-hook@2.0.1: {}

  cfb@1.2.2:
    dependencies:
      adler-32: 1.3.1
      crc-32: 1.2.2

  codepage@1.15.0: {}

  crc-32@1.2.2: {}

  embedded-postgres@18.4.0-beta.17:
    dependencies:
      async-exit-hook: 2.0.1
      pg: 8.22.0
    optionalDependencies:
      '@embedded-postgres/darwin-arm64': 18.4.0-beta.17
      '@embedded-postgres/darwin-x64': 18.4.0-beta.17
      '@embedded-postgres/linux-arm': 18.4.0-beta.17
      '@embedded-postgres/linux-arm64': 18.4.0-beta.17
      '@embedded-postgres/linux-ia32': 18.4.0-beta.17
      '@embedded-postgres/linux-ppc64': 18.4.0-beta.17
      '@embedded-postgres/linux-x64': 18.4.0-beta.17
      '@embedded-postgres/windows-x64': 18.4.0-beta.17
    transitivePeerDependencies:
      - pg-native

  frac@1.1.2: {}

  pako@1.0.11: {}

  pdf-lib@1.17.1:
    dependencies:
      '@pdf-lib/standard-fonts': 1.0.0
      '@pdf-lib/upng': 1.0.1
      pako: 1.0.11
      tslib: 1.14.1

  pg-cloudflare@1.4.0:
    optional: true

  pg-connection-string@2.14.0: {}

  pg-int8@1.0.1: {}

  pg-pool@3.14.0(pg@8.22.0):
    dependencies:
      pg: 8.22.0

  pg-protocol@1.15.0: {}

  pg-types@2.2.0:
    dependencies:
      pg-int8: 1.0.1
      postgres-array: 2.0.0
      postgres-bytea: 1.0.1
      postgres-date: 1.0.7
      postgres-interval: 1.2.0

  pg@8.22.0:
    dependencies:
      pg-connection-string: 2.14.0
      pg-pool: 3.14.0(pg@8.22.0)
      pg-protocol: 1.15.0
      pg-types: 2.2.0
      pgpass: 1.0.5
    optionalDependencies:
      pg-cloudflare: 1.4.0

  pgpass@1.0.5:
    dependencies:
      split2: 4.2.0

  postgres-array@2.0.0: {}

  postgres-bytea@1.0.1: {}

  postgres-date@1.0.7: {}

  postgres-interval@1.2.0:
    dependencies:
      xtend: 4.0.2

  split2@4.2.0: {}

  ssf@0.11.2:
    dependencies:
      frac: 1.1.2

  tslib@1.14.1: {}

  wmf@1.0.2: {}

  word@0.3.0: {}

  xlsx@0.18.5:
    dependencies:
      adler-32: 1.3.1
      cfb: 1.2.2
      codepage: 1.15.0
      crc-32: 1.2.2
      ssf: 0.11.2
      wmf: 1.0.2
      word: 0.3.0

  xtend@4.0.2: {}
